
Microsoft Visual Studio Solution File, Format Version 12.00
# Visual Studio 15
Project("{FAE04EC0-301F-11D3-BF4B-00C04F79EFBC}") = "Assembly-CSharp", "Assembly-CSharp.csproj", "{FE316E71-1035-8A13-0167-DD1B171C707E}"
EndProject
Project("{FAE04EC0-301F-11D3-BF4B-00C04F79EFBC}") = "Assembly-CSharp-firstpass", "Assembly-CSharp-firstpass.csproj", "{1C67021F-7D2E-BBE2-891F-737F168A7B79}"
EndProject
Project("{FAE04EC0-301F-11D3-BF4B-00C04F79EFBC}") = "Assembly-CSharp-Editor", "Assembly-CSharp-Editor.csproj", "{7DCD174D-A1F0-38AB-F59B-5EC85AC202B6}"
EndProject
Global
	GlobalSection(SolutionConfigurationPlatforms) = preSolution
		Debug|Any CPU = Debug|Any CPU
		Release|Any CPU = Release|Any CPU
	EndGlobalSection
	GlobalSection(ProjectConfigurationPlatforms) = postSolution
		{FE316E71-1035-8A13-0167-DD1B171C707E}.Debug|Any CPU.ActiveCfg = Debug|Any CPU
		{FE316E71-1035-8A13-0167-DD1B171C707E}.Debug|Any CPU.Build.0 = Debug|Any CPU
		{FE316E71-1035-8A13-0167-DD1B171C707E}.Release|Any CPU.ActiveCfg = Release|Any CPU
		{FE316E71-1035-8A13-0167-DD1B171C707E}.Release|Any CPU.Build.0 = Release|Any CPU
		{1C67021F-7D2E-BBE2-891F-737F168A7B79}.Debug|Any CPU.ActiveCfg = Debug|Any CPU
		{1C67021F-7D2E-BBE2-891F-737F168A7B79}.Debug|Any CPU.Build.0 = Debug|Any CPU
		{1C67021F-7D2E-BBE2-891F-737F168A7B79}.Release|Any CPU.ActiveCfg = Release|Any CPU
		{1C67021F-7D2E-BBE2-891F-737F168A7B79}.Release|Any CPU.Build.0 = Release|Any CPU
		{7DCD174D-A1F0-38AB-F59B-5EC85AC202B6}.Debug|Any CPU.ActiveCfg = Debug|Any CPU
		{7DCD174D-A1F0-38AB-F59B-5EC85AC202B6}.Debug|Any CPU.Build.0 = Debug|Any CPU
		{7DCD174D-A1F0-38AB-F59B-5EC85AC202B6}.Release|Any CPU.ActiveCfg = Release|Any CPU
		{7DCD174D-A1F0-38AB-F59B-5EC85AC202B6}.Release|Any CPU.Build.0 = Release|Any CPU
	EndGlobalSection
	GlobalSection(SolutionProperties) = preSolution
		HideSolutionNode = FALSE
	EndGlobalSection
EndGlobal
